
Microsoft Visual Studio Solution File, Format Version 12.00
# Visual Studio Version 17
VisualStudioVersion = 17.4.33213.308
MinimumVisualStudioVersion = 10.0.40219.1
Project("{FAE04EC0-301F-11D3-BF4B-00C04F79EFBC}") = "ListaAsistencia", "ListaAsistencia\ListaAsistencia.csproj", "{E626462C-4B2C-4E4B-8C1A-99DFE7BE5EA6}"
EndProject
Global
	GlobalSection(SolutionConfigurationPlatforms) = preSolution
		Debug|Any CPU = Debug|Any CPU
		Release|Any CPU = Release|Any CPU
	EndGlobalSection
	GlobalSection(ProjectConfigurationPlatforms) = postSolution
		{E626462C-4B2C-4E4B-8C1A-99DFE7BE5EA6}.Debug|Any CPU.ActiveCfg = Debug|Any CPU
		{E626462C-4B2C-4E4B-8C1A-99DFE7BE5EA6}.Debug|Any CPU.Build.0 = Debug|Any CPU
		{E626462C-4B2C-4E4B-8C1A-99DFE7BE5EA6}.Release|Any CPU.ActiveCfg = Release|Any CPU
		{E626462C-4B2C-4E4B-8C1A-99DFE7BE5EA6}.Release|Any CPU.Build.0 = Release|Any CPU
	EndGlobalSection
	GlobalSection(SolutionProperties) = preSolution
		HideSolutionNode = FALSE
	EndGlobalSection
	GlobalSection(ExtensibilityGlobals) = postSolution
		SolutionGuid = {E03BEE89-213C-4CFF-B74F-86F698FD011B}
	EndGlobalSection
EndGlobal
