
Microsoft Visual Studio Solution File, Format Version 12.00
# Visual Studio Version 17
VisualStudioVersion = 17.4.33213.308
MinimumVisualStudioVersion = 10.0.40219.1
Project("{FAE04EC0-301F-11D3-BF4B-00C04F79EFBC}") = "MayaMobile", "MayaMobile\MayaMobile.csproj", "{3F322876-49D5-422C-A2CD-FA74097CB34B}"
EndProject
Global
	GlobalSection(SolutionConfigurationPlatforms) = preSolution
		Debug|Any CPU = Debug|Any CPU
		Release|Any CPU = Release|Any CPU
	EndGlobalSection
	GlobalSection(ProjectConfigurationPlatforms) = postSolution
		{3F322876-49D5-422C-A2CD-FA74097CB34B}.Debug|Any CPU.ActiveCfg = Debug|Any CPU
		{3F322876-49D5-422C-A2CD-FA74097CB34B}.Debug|Any CPU.Build.0 = Debug|Any CPU
		{3F322876-49D5-422C-A2CD-FA74097CB34B}.Release|Any CPU.ActiveCfg = Release|Any CPU
		{3F322876-49D5-422C-A2CD-FA74097CB34B}.Release|Any CPU.Build.0 = Release|Any CPU
	EndGlobalSection
	GlobalSection(SolutionProperties) = preSolution
		HideSolutionNode = FALSE
	EndGlobalSection
	GlobalSection(ExtensibilityGlobals) = postSolution
		SolutionGuid = {A72C57BB-C251-4D4F-8381-26B0ECC0DAC6}
	EndGlobalSection
EndGlobal
